
Microsoft Visual Studio Solution File, Format Version 12.00
# Visual Studio 2012
Project("{FAE04EC0-301F-11D3-BF4B-00C04F79EFBC}") = "CStatic", "CStatic\CStatic.csproj", "{6891ADD5-A9D7-41DD-AE7D-3BC42FD363F8}"
EndProject
Project("{FAE04EC0-301F-11D3-BF4B-00C04F79EFBC}") = "CStatic.Tests", "..\CStatic.Tests\CStatic.Tests.csproj", "{FE2009B6-6EA1-43FF-821D-5CD82469D347}"
EndProject
Global
	GlobalSection(SolutionConfigurationPlatforms) = preSolution
		Debug|Any CPU = Debug|Any CPU
		Release|Any CPU = Release|Any CPU
	EndGlobalSection
	GlobalSection(ProjectConfigurationPlatforms) = postSolution
		{6891ADD5-A9D7-41DD-AE7D-3BC42FD363F8}.Debug|Any CPU.ActiveCfg = Debug|Any CPU
		{6891ADD5-A9D7-41DD-AE7D-3BC42FD363F8}.Debug|Any CPU.Build.0 = Debug|Any CPU
		{6891ADD5-A9D7-41DD-AE7D-3BC42FD363F8}.Release|Any CPU.ActiveCfg = Release|Any CPU
		{6891ADD5-A9D7-41DD-AE7D-3BC42FD363F8}.Release|Any CPU.Build.0 = Release|Any CPU
		{FE2009B6-6EA1-43FF-821D-5CD82469D347}.Debug|Any CPU.ActiveCfg = Debug|Any CPU
		{FE2009B6-6EA1-43FF-821D-5CD82469D347}.Debug|Any CPU.Build.0 = Debug|Any CPU
		{FE2009B6-6EA1-43FF-821D-5CD82469D347}.Release|Any CPU.ActiveCfg = Release|Any CPU
		{FE2009B6-6EA1-43FF-821D-5CD82469D347}.Release|Any CPU.Build.0 = Release|Any CPU
	EndGlobalSection
	GlobalSection(SolutionProperties) = preSolution
		HideSolutionNode = FALSE
	EndGlobalSection
EndGlobal
